
Microsoft Visual Studio Solution File, Format Version 12.00
# Visual Studio Version 17
VisualStudioVersion = 17.9.34723.18
MinimumVisualStudioVersion = 10.0.40219.1
Project("{FAE04EC0-301F-11D3-BF4B-00C04F79EFBC}") = "TasTools", "TasTools\TasTools.csproj", "{B3B20A54-0CA1-4B44-83D3-CF3ED7E49AEB}"
EndProject
Global
	GlobalSection(SolutionConfigurationPlatforms) = preSolution
		Debug|Any CPU = Debug|Any CPU
		Release|Any CPU = Release|Any CPU
	EndGlobalSection
	GlobalSection(ProjectConfigurationPlatforms) = postSolution
		{B3B20A54-0CA1-4B44-83D3-CF3ED7E49AEB}.Debug|Any CPU.ActiveCfg = Debug|Any CPU
		{B3B20A54-0CA1-4B44-83D3-CF3ED7E49AEB}.Debug|Any CPU.Build.0 = Debug|Any CPU
		{B3B20A54-0CA1-4B44-83D3-CF3ED7E49AEB}.Release|Any CPU.ActiveCfg = Release|Any CPU
		{B3B20A54-0CA1-4B44-83D3-CF3ED7E49AEB}.Release|Any CPU.Build.0 = Release|Any CPU
	EndGlobalSection
	GlobalSection(SolutionProperties) = preSolution
		HideSolutionNode = FALSE
	EndGlobalSection
	GlobalSection(ExtensibilityGlobals) = postSolution
		SolutionGuid = {42C2A763-956A-4876-976A-B3E03837B3F5}
	EndGlobalSection
EndGlobal
